// !$*UTF8*$!
{
	archiveVersion = 1;
	classes = {
	};
	objectVersion = 56;
	objects = {

/* Begin PBXBuildFile section */
		95303C8329BD052C00840A9B /* AVPlayer+Ding.swift in Sources */ = {isa = PBXBuildFile; fileRef = 95303C8229BD052C00840A9B /* AVPlayer+Ding.swift */; };
		95303C8629BD054D00840A9B /* ding.wav in Resources */ = {isa = PBXBuildFile; fileRef = 95303C8529BD054D00840A9B /* ding.wav */; };
		95303C8829BD057A00840A9B /* ScrumTimer.swift in Sources */ = {isa = PBXBuildFile; fileRef = 95303C8729BD057A00840A9B /* ScrumTimer.swift */; };
		95303C8A29BD05D100840A9B /* MeetingFooterView.swift in Sources */ = {isa = PBXBuildFile; fileRef = 95303C8929BD05D100840A9B /* MeetingFooterView.swift */; };
		95303C8C29BD05DE00840A9B /* MeetingHeaderView.swift in Sources */ = {isa = PBXBuildFile; fileRef = 95303C8B29BD05DE00840A9B /* MeetingHeaderView.swift */; };
		95303C8E29BD06AA00840A9B /* ScrumProgressViewStyle.swift in Sources */ = {isa = PBXBuildFile; fileRef = 95303C8D29BD06AA00840A9B /* ScrumProgressViewStyle.swift */; };
		95314FCA29B8D420009706A6 /* DetailView.swift in Sources */ = {isa = PBXBuildFile; fileRef = 95314FC929B8D420009706A6 /* DetailView.swift */; };
		953D66AB29B4133100CDBA97 /* DailyScrum.swift in Sources */ = {isa = PBXBuildFile; fileRef = 953D66AA29B4133100CDBA97 /* DailyScrum.swift */; };
		953D66AD29B4134400CDBA97 /* Theme.swift in Sources */ = {isa = PBXBuildFile; fileRef = 953D66AC29B4134400CDBA97 /* Theme.swift */; };
		953D66AF29B4138500CDBA97 /* CardView.swift in Sources */ = {isa = PBXBuildFile; fileRef = 953D66AE29B4138500CDBA97 /* CardView.swift */; };
		953D66B129B413A000CDBA97 /* TrailingIconLabelStyle.swift in Sources */ = {isa = PBXBuildFile; fileRef = 953D66B029B413A000CDBA97 /* TrailingIconLabelStyle.swift */; };
		9540EA3129BEC3A700D78AEB /* History.swift in Sources */ = {isa = PBXBuildFile; fileRef = 9540EA3029BEC3A700D78AEB /* History.swift */; };
		956CA4DB29BB8F690001158E /* ThemePicker.swift in Sources */ = {isa = PBXBuildFile; fileRef = 956CA4DA29BB8F690001158E /* ThemePicker.swift */; };
		956CA4DD29BB8F780001158E /* ThemeView.swift in Sources */ = {isa = PBXBuildFile; fileRef = 956CA4DC29BB8F780001158E /* ThemeView.swift */; };
		957F58B529B687BB00601664 /* ScrumsView.swift in Sources */ = {isa = PBXBuildFile; fileRef = 957F58B429B687BB00601664 /* ScrumsView.swift */; };
		95ACF02C29BA694700AFAD13 /* DetailEditView.swift in Sources */ = {isa = PBXBuildFile; fileRef = 95ACF02B29BA694700AFAD13 /* DetailEditView.swift */; };
		95CE5C3E29B2B11B00A14A3A /* ScrumdingerApp.swift in Sources */ = {isa = PBXBuildFile; fileRef = 95CE5C3D29B2B11B00A14A3A /* ScrumdingerApp.swift */; };
		95CE5C4029B2B11B00A14A3A /* MeetingView.swift in Sources */ = {isa = PBXBuildFile; fileRef = 95CE5C3F29B2B11B00A14A3A /* MeetingView.swift */; };
		95CE5C4229B2B11D00A14A3A /* Assets.xcassets in Resources */ = {isa = PBXBuildFile; fileRef = 95CE5C4129B2B11D00A14A3A /* Assets.xcassets */; };
		95CE5C4529B2B11D00A14A3A /* Preview Assets.xcassets in Resources */ = {isa = PBXBuildFile; fileRef = 95CE5C4429B2B11D00A14A3A /* Preview Assets.xcassets */; };
/* End PBXBuildFile section */

/* Begin PBXFileReference section */
		95303C8229BD052C00840A9B /* AVPlayer+Ding.swift */ = {isa = PBXFileReference; lastKnownFileType = sourcecode.swift; path = "AVPlayer+Ding.swift"; sourceTree = "<group>"; };
		95303C8529BD054D00840A9B /* ding.wav */ = {isa = PBXFileReference; lastKnownFileType = audio.wav; path = ding.wav; sourceTree = "<group>"; };
		95303C8729BD057A00840A9B /* ScrumTimer.swift */ = {isa = PBXFileReference; lastKnownFileType = sourcecode.swift; path = ScrumTimer.swift; sourceTree = "<group>"; };
		95303C8929BD05D100840A9B /* MeetingFooterView.swift */ = {isa = PBXFileReference; lastKnownFileType = sourcecode.swift; path = MeetingFooterView.swift; sourceTree = "<group>"; };
		95303C8B29BD05DE00840A9B /* MeetingHeaderView.swift */ = {isa = PBXFileReference; lastKnownFileType = sourcecode.swift; path = MeetingHeaderView.swift; sourceTree = "<group>"; };
		95303C8D29BD06AA00840A9B /* ScrumProgressViewStyle.swift */ = {isa = PBXFileReference; lastKnownFileType = sourcecode.swift; path = ScrumProgressViewStyle.swift; sourceTree = "<group>"; };
		95314FC929B8D420009706A6 /* DetailView.swift */ = {isa = PBXFileReference; lastKnownFileType = sourcecode.swift; path = DetailView.swift; sourceTree = "<group>"; };
		953D66AA29B4133100CDBA97 /* DailyScrum.swift */ = {isa = PBXFileReference; lastKnownFileType = sourcecode.swift; path = DailyScrum.swift; sourceTree = "<group>"; };
		953D66AC29B4134400CDBA97 /* Theme.swift */ = {isa = PBXFileReference; lastKnownFileType = sourcecode.swift; path = Theme.swift; sourceTree = "<group>"; };
		953D66AE29B4138500CDBA97 /* CardView.swift */ = {isa = PBXFileReference; lastKnownFileType = sourcecode.swift; path = CardView.swift; sourceTree = "<group>"; };
		953D66B029B413A000CDBA97 /* TrailingIconLabelStyle.swift */ = {isa = PBXFileReference; lastKnownFileType = sourcecode.swift; path = TrailingIconLabelStyle.swift; sourceTree = "<group>"; };
		9540EA3029BEC3A700D78AEB /* History.swift */ = {isa = PBXFileReference; lastKnownFileType = sourcecode.swift; path = History.swift; sourceTree = "<group>"; };
		956CA4DA29BB8F690001158E /* ThemePicker.swift */ = {isa = PBXFileReference; lastKnownFileType = sourcecode.swift; path = ThemePicker.swift; sourceTree = "<group>"; };
		956CA4DC29BB8F780001158E /* ThemeView.swift */ = {isa = PBXFileReference; lastKnownFileType = sourcecode.swift; path = ThemeView.swift; sourceTree = "<group>"; };
		957F58B429B687BB00601664 /* ScrumsView.swift */ = {isa = PBXFileReference; lastKnownFileType = sourcecode.swift; path = ScrumsView.swift; sourceTree = "<group>"; };
		95ACF02B29BA694700AFAD13 /* DetailEditView.swift */ = {isa = PBXFileReference; lastKnownFileType = sourcecode.swift; path = DetailEditView.swift; sourceTree = "<group>"; };
		95CE5C3A29B2B11B00A14A3A /* Scrumdinger.app */ = {isa = PBXFileReference; explicitFileType = wrapper.application; includeInIndex = 0; path = Scrumdinger.app; sourceTree = BUILT_PRODUCTS_DIR; };
		95CE5C3D29B2B11B00A14A3A /* ScrumdingerApp.swift */ = {isa = PBXFileReference; lastKnownFileType = sourcecode.swift; path = ScrumdingerApp.swift; sourceTree = "<group>"; };
		95CE5C3F29B2B11B00A14A3A /* MeetingView.swift */ = {isa = PBXFileReference; lastKnownFileType = sourcecode.swift; path = MeetingView.swift; sourceTree = "<group>"; };
		95CE5C4129B2B11D00A14A3A /* Assets.xcassets */ = {isa = PBXFileReference; lastKnownFileType = folder.assetcatalog; path = Assets.xcassets; sourceTree = "<group>"; };
		95CE5C4429B2B11D00A14A3A /* Preview Assets.xcassets */ = {isa = PBXFileReference; lastKnownFileType = folder.assetcatalog; path = "Preview Assets.xcassets"; sourceTree = "<group>"; };
/* End PBXFileReference section */

/* Begin PBXFrameworksBuildPhase section */
		95CE5C3729B2B11B00A14A3A /* Frameworks */ = {
			isa = PBXFrameworksBuildPhase;
			buildActionMask = 2147483647;
			files = (
			);
			runOnlyForDeploymentPostprocessing = 0;
		};
/* End PBXFrameworksBuildPhase section */

/* Begin PBXGroup section */
		95303C8429BD053600840A9B /* Resources */ = {
			isa = PBXGroup;
			children = (
				95303C8529BD054D00840A9B /* ding.wav */,
			);
			path = Resources;
			sourceTree = "<group>";
		};
		953D66A929B4132300CDBA97 /* Models */ = {
			isa = PBXGroup;
			children = (
				95303C8229BD052C00840A9B /* AVPlayer+Ding.swift */,
				953D66AA29B4133100CDBA97 /* DailyScrum.swift */,
				9540EA3029BEC3A700D78AEB /* History.swift */,
				95303C8729BD057A00840A9B /* ScrumTimer.swift */,
				953D66AC29B4134400CDBA97 /* Theme.swift */,
			);
			path = Models;
			sourceTree = "<group>";
		};
		95CE5C3129B2B11B00A14A3A = {
			isa = PBXGroup;
			children = (
				95CE5C3C29B2B11B00A14A3A /* Scrumdinger */,
				95CE5C3B29B2B11B00A14A3A /* Products */,
			);
			sourceTree = "<group>";
		};
		95CE5C3B29B2B11B00A14A3A /* Products */ = {
			isa = PBXGroup;
			children = (
				95CE5C3A29B2B11B00A14A3A /* Scrumdinger.app */,
			);
			name = Products;
			sourceTree = "<group>";
		};
		95CE5C3C29B2B11B00A14A3A /* Scrumdinger */ = {
			isa = PBXGroup;
			children = (
				953D66A929B4132300CDBA97 /* Models */,
				95CE5C3D29B2B11B00A14A3A /* ScrumdingerApp.swift */,
				953D66AE29B4138500CDBA97 /* CardView.swift */,
				95ACF02B29BA694700AFAD13 /* DetailEditView.swift */,
				95314FC929B8D420009706A6 /* DetailView.swift */,
				95303C8929BD05D100840A9B /* MeetingFooterView.swift */,
				95303C8B29BD05DE00840A9B /* MeetingHeaderView.swift */,
				95CE5C3F29B2B11B00A14A3A /* MeetingView.swift */,
				95303C8D29BD06AA00840A9B /* ScrumProgressViewStyle.swift */,
				957F58B429B687BB00601664 /* ScrumsView.swift */,
				956CA4DA29BB8F690001158E /* ThemePicker.swift */,
				956CA4DC29BB8F780001158E /* ThemeView.swift */,
				953D66B029B413A000CDBA97 /* TrailingIconLabelStyle.swift */,
				95303C8429BD053600840A9B /* Resources */,
				95CE5C4129B2B11D00A14A3A /* Assets.xcassets */,
				95CE5C4329B2B11D00A14A3A /* Preview Content */,
			);
			path = Scrumdinger;
			sourceTree = "<group>";
		};
		95CE5C4329B2B11D00A14A3A /* Preview Content */ = {
			isa = PBXGroup;
			children = (
				95CE5C4429B2B11D00A14A3A /* Preview Assets.xcassets */,
			);
			path = "Preview Content";
			sourceTree = "<group>";
		};
/* End PBXGroup section */

/* Begin PBXNativeTarget section */
		95CE5C3929B2B11B00A14A3A /* Scrumdinger */ = {
			isa = PBXNativeTarget;
			buildConfigurationList = 95CE5C4829B2B11D00A14A3A /* Build configuration list for PBXNativeTarget "Scrumdinger" */;
			buildPhases = (
				95CE5C3629B2B11B00A14A3A /* Sources */,
				95CE5C3729B2B11B00A14A3A /* Frameworks */,
				95CE5C3829B2B11B00A14A3A /* Resources */,
			);
			buildRules = (
			);
			dependencies = (
			);
			name = Scrumdinger;
			productName = Scrumdinger;
			productReference = 95CE5C3A29B2B11B00A14A3A /* Scrumdinger.app */;
			productType = "com.apple.product-type.application";
		};
/* End PBXNativeTarget section */

/* Begin PBXProject section */
		95CE5C3229B2B11B00A14A3A /* Project object */ = {
			isa = PBXProject;
			attributes = {
				BuildIndependentTargetsInParallel = 1;
				LastSwiftUpdateCheck = 1420;
				LastUpgradeCheck = 1420;
				TargetAttributes = {
					95CE5C3929B2B11B00A14A3A = {
						CreatedOnToolsVersion = 14.2;
					};
				};
			};
			buildConfigurationList = 95CE5C3529B2B11B00A14A3A /* Build configuration list for PBXProject "Scrumdinger" */;
			compatibilityVersion = "Xcode 14.0";
			developmentRegion = en;
			hasScannedForEncodings = 0;
			knownRegions = (
				en,
				Base,
			);
			mainGroup = 95CE5C3129B2B11B00A14A3A;
			productRefGroup = 95CE5C3B29B2B11B00A14A3A /* Products */;
			projectDirPath = "";
			projectRoot = "";
			targets = (
				95CE5C3929B2B11B00A14A3A /* Scrumdinger */,
			);
		};
/* End PBXProject section */

/* Begin PBXResourcesBuildPhase section */
		95CE5C3829B2B11B00A14A3A /* Resources */ = {
			isa = PBXResourcesBuildPhase;
			buildActionMask = 2147483647;
			files = (
				95303C8629BD054D00840A9B /* ding.wav in Resources */,
				95CE5C4529B2B11D00A14A3A /* Preview Assets.xcassets in Resources */,
				95CE5C4229B2B11D00A14A3A /* Assets.xcassets in Resources */,
			);
			runOnlyForDeploymentPostprocessing = 0;
		};
/* End PBXResourcesBuildPhase section */

/* Begin PBXSourcesBuildPhase section */
		95CE5C3629B2B11B00A14A3A /* Sources */ = {
			isa = PBXSourcesBuildPhase;
			buildActionMask = 2147483647;
			files = (
				9540EA3129BEC3A700D78AEB /* History.swift in Sources */,
				95CE5C4029B2B11B00A14A3A /* MeetingView.swift in Sources */,
				956CA4DD29BB8F780001158E /* ThemeView.swift in Sources */,
				95303C8E29BD06AA00840A9B /* ScrumProgressViewStyle.swift in Sources */,
				95314FCA29B8D420009706A6 /* DetailView.swift in Sources */,
				95303C8A29BD05D100840A9B /* MeetingFooterView.swift in Sources */,
				95ACF02C29BA694700AFAD13 /* DetailEditView.swift in Sources */,
				956CA4DB29BB8F690001158E /* ThemePicker.swift in Sources */,
				953D66B129B413A000CDBA97 /* TrailingIconLabelStyle.swift in Sources */,
				953D66AD29B4134400CDBA97 /* Theme.swift in Sources */,
				95303C8329BD052C00840A9B /* AVPlayer+Ding.swift in Sources */,
				95303C8C29BD05DE00840A9B /* MeetingHeaderView.swift in Sources */,
				957F58B529B687BB00601664 /* ScrumsView.swift in Sources */,
				953D66AB29B4133100CDBA97 /* DailyScrum.swift in Sources */,
				95CE5C3E29B2B11B00A14A3A /* ScrumdingerApp.swift in Sources */,
				953D66AF29B4138500CDBA97 /* CardView.swift in Sources */,
				95303C8829BD057A00840A9B /* ScrumTimer.swift in Sources */,
			);
			runOnlyForDeploymentPostprocessing = 0;
		};
/* End PBXSourcesBuildPhase section */

/* Begin XCBuildConfiguration section */
		95CE5C4629B2B11D00A14A3A /* Debug */ = {
			isa = XCBuildConfiguration;
			buildSettings = {
				ALWAYS_SEARCH_USER_PATHS = NO;
				CLANG_ANALYZER_NONNULL = YES;
				CLANG_ANALYZER_NUMBER_OBJECT_CONVERSION = YES_AGGRESSIVE;
				CLANG_CXX_LANGUAGE_STANDARD = "gnu++20";
				CLANG_ENABLE_MODULES = YES;
				CLANG_ENABLE_OBJC_ARC = YES;
				CLANG_ENABLE_OBJC_WEAK = YES;
				CLANG_WARN_BLOCK_CAPTURE_AUTORELEASING = YES;
				CLANG_WARN_BOOL_CONVERSION = YES;
				CLANG_WARN_COMMA = YES;
				CLANG_WARN_CONSTANT_CONVERSION = YES;
				CLANG_WARN_DEPRECATED_OBJC_IMPLEMENTATIONS = YES;
				CLANG_WARN_DIRECT_OBJC_ISA_USAGE = YES_ERROR;
				CLANG_WARN_DOCUMENTATION_COMMENTS = YES;
				CLANG_WARN_EMPTY_BODY = YES;
				CLANG_WARN_ENUM_CONVERSION = YES;
				CLANG_WARN_INFINITE_RECURSION = YES;
				CLANG_WARN_INT_CONVERSION = YES;
				CLANG_WARN_NON_LITERAL_NULL_CONVERSION = YES;
				CLANG_WARN_OBJC_IMPLICIT_RETAIN_SELF = YES;
				CLANG_WARN_OBJC_LITERAL_CONVERSION = YES;
				CLANG_WARN_OBJC_ROOT_CLASS = YES_ERROR;
				CLANG_WARN_QUOTED_INCLUDE_IN_FRAMEWORK_HEADER = YES;
				CLANG_WARN_RANGE_LOOP_ANALYSIS = YES;
				CLANG_WARN_STRICT_PROTOTYPES = YES;
				CLANG_WARN_SUSPICIOUS_MOVE = YES;
				CLANG_WARN_UNGUARDED_AVAILABILITY = YES_AGGRESSIVE;
				CLANG_WARN_UNREACHABLE_CODE = YES;
				CLANG_WARN__DUPLICATE_METHOD_MATCH = YES;
				COPY_PHASE_STRIP = NO;
				DEBUG_INFORMATION_FORMAT = dwarf;
				ENABLE_STRICT_OBJC_MSGSEND = YES;
				ENABLE_TESTABILITY = YES;
				GCC_C_LANGUAGE_STANDARD = gnu11;
				GCC_DYNAMIC_NO_PIC = NO;
				GCC_NO_COMMON_BLOCKS = YES;
				GCC_OPTIMIZATION_LEVEL = 0;
				GCC_PREPROCESSOR_DEFINITIONS = (
					"DEBUG=1",
					"$(inherited)",
				);
				GCC_WARN_64_TO_32_BIT_CONVERSION = YES;
				GCC_WARN_ABOUT_RETURN_TYPE = YES_ERROR;
				GCC_WARN_UNDECLARED_SELECTOR = YES;
				GCC_WARN_UNINITIALIZED_AUTOS = YES_AGGRESSIVE;
				GCC_WARN_UNUSED_FUNCTION = YES;
				GCC_WARN_UNUSED_VARIABLE = YES;
				IPHONEOS_DEPLOYMENT_TARGET = 16.2;
				MTL_ENABLE_DEBUG_INFO = INCLUDE_SOURCE;
				MTL_FAST_MATH = YES;
				ONLY_ACTIVE_ARCH = YES;
				SDKROOT = iphoneos;
				SWIFT_ACTIVE_COMPILATION_CONDITIONS = DEBUG;
				SWIFT_OPTIMIZATION_LEVEL = "-Onone";
			};
			name = Debug;
		};
		95CE5C4729B2B11D00A14A3A /* Release */ = {
			isa = XCBuildConfiguration;
			buildSettings = {
				ALWAYS_SEARCH_USER_PATHS = NO;
				CLANG_ANALYZER_NONNULL = YES;
				CLANG_ANALYZER_NUMBER_OBJECT_CONVERSION = YES_AGGRESSIVE;
				CLANG_CXX_LANGUAGE_STANDARD = "gnu++20";
				CLANG_ENABLE_MODULES = YES;
				CLANG_ENABLE_OBJC_ARC = YES;
				CLANG_ENABLE_OBJC_WEAK = YES;
				CLANG_WARN_BLOCK_CAPTURE_AUTORELEASING = YES;
				CLANG_WARN_BOOL_CONVERSION = YES;
				CLANG_WARN_COMMA = YES;
				CLANG_WARN_CONSTANT_CONVERSION = YES;
				CLANG_WARN_DEPRECATED_OBJC_IMPLEMENTATIONS = YES;
				CLANG_WARN_DIRECT_OBJC_ISA_USAGE = YES_ERROR;
				CLANG_WARN_DOCUMENTATION_COMMENTS = YES;
				CLANG_WARN_EMPTY_BODY = YES;
				CLANG_WARN_ENUM_CONVERSION = YES;
				CLANG_WARN_INFINITE_RECURSION = YES;
				CLANG_WARN_INT_CONVERSION = YES;
				CLANG_WARN_NON_LITERAL_NULL_CONVERSION = YES;
				CLANG_WARN_OBJC_IMPLICIT_RETAIN_SELF = YES;
				CLANG_WARN_OBJC_LITERAL_CONVERSION = YES;
				CLANG_WARN_OBJC_ROOT_CLASS = YES_ERROR;
				CLANG_WARN_QUOTED_INCLUDE_IN_FRAMEWORK_HEADER = YES;
				CLANG_WARN_RANGE_LOOP_ANALYSIS = YES;
				CLANG_WARN_STRICT_PROTOTYPES = YES;
				CLANG_WARN_SUSPICIOUS_MOVE = YES;
				CLANG_WARN_UNGUARDED_AVAILABILITY = YES_AGGRESSIVE;
				CLANG_WARN_UNREACHABLE_CODE = YES;
				CLANG_WARN__DUPLICATE_METHOD_MATCH = YES;
				COPY_PHASE_STRIP = NO;
				DEBUG_INFORMATION_FORMAT = "dwarf-with-dsym";
				ENABLE_NS_ASSERTIONS = NO;
				ENABLE_STRICT_OBJC_MSGSEND = YES;
				GCC_C_LANGUAGE_STANDARD = gnu11;
				GCC_NO_COMMON_BLOCKS = YES;
				GCC_WARN_64_TO_32_BIT_CONVERSION = YES;
				GCC_WARN_ABOUT_RETURN_TYPE = YES_ERROR;
				GCC_WARN_UNDECLARED_SELECTOR = YES;
				GCC_WARN_UNINITIALIZED_AUTOS = YES_AGGRESSIVE;
				GCC_WARN_UNUSED_FUNCTION = YES;
				GCC_WARN_UNUSED_VARIABLE = YES;
				IPHONEOS_DEPLOYMENT_TARGET = 16.2;
				MTL_ENABLE_DEBUG_INFO = NO;
				MTL_FAST_MATH = YES;
				SDKROOT = iphoneos;
				SWIFT_COMPILATION_MODE = wholemodule;
				SWIFT_OPTIMIZATION_LEVEL = "-O";
				VALIDATE_PRODUCT = YES;
			};
			name = Release;
		};
		95CE5C4929B2B11D00A14A3A /* Debug */ = {
			isa = XCBuildConfiguration;
			buildSettings = {
				ASSETCATALOG_COMPILER_APPICON_NAME = AppIcon;
				ASSETCATALOG_COMPILER_GLOBAL_ACCENT_COLOR_NAME = AccentColor;
				CODE_SIGN_STYLE = Automatic;
				CURRENT_PROJECT_VERSION = 1;
				DEVELOPMENT_ASSET_PATHS = "\"Scrumdinger/Preview Content\"";
				ENABLE_PREVIEWS = YES;
				GENERATE_INFOPLIST_FILE = YES;
				INFOPLIST_KEY_UIApplicationSceneManifest_Generation = YES;
				INFOPLIST_KEY_UIApplicationSupportsIndirectInputEvents = YES;
				INFOPLIST_KEY_UILaunchScreen_Generation = YES;
				INFOPLIST_KEY_UISupportedInterfaceOrientations_iPad = "UIInterfaceOrientationPortrait UIInterfaceOrientationPortraitUpsideDown UIInterfaceOrientationLandscapeLeft UIInterfaceOrientationLandscapeRight";
				INFOPLIST_KEY_UISupportedInterfaceOrientations_iPhone = "UIInterfaceOrientationPortrait UIInterfaceOrientationLandscapeLeft UIInterfaceOrientationLandscapeRight";
				LD_RUNPATH_SEARCH_PATHS = (
					"$(inherited)",
					"@executable_path/Frameworks",
				);
				MARKETING_VERSION = 1.0;
				PRODUCT_BUNDLE_IDENTIFIER = com.example.Scrumdinger;
				PRODUCT_NAME = "$(TARGET_NAME)";
				SWIFT_EMIT_LOC_STRINGS = YES;
				SWIFT_VERSION = 5.0;
				TARGETED_DEVICE_FAMILY = "1,2";
			};
			name = Debug;
		};
		95CE5C4A29B2B11D00A14A3A /* Release */ = {
			isa = XCBuildConfiguration;
			buildSettings = {
				ASSETCATALOG_COMPILER_APPICON_NAME = AppIcon;
				ASSETCATALOG_COMPILER_GLOBAL_ACCENT_COLOR_NAME = AccentColor;
				CODE_SIGN_STYLE = Automatic;
				CURRENT_PROJECT_VERSION = 1;
				DEVELOPMENT_ASSET_PATHS = "\"Scrumdinger/Preview Content\"";
				ENABLE_PREVIEWS = YES;
				GENERATE_INFOPLIST_FILE = YES;
				INFOPLIST_KEY_UIApplicationSceneManifest_Generation = YES;
				INFOPLIST_KEY_UIApplicationSupportsIndirectInputEvents = YES;
				INFOPLIST_KEY_UILaunchScreen_Generation = YES;
				INFOPLIST_KEY_UISupportedInterfaceOrientations_iPad = "UIInterfaceOrientationPortrait UIInterfaceOrientationPortraitUpsideDown UIInterfaceOrientationLandscapeLeft UIInterfaceOrientationLandscapeRight";
				INFOPLIST_KEY_UISupportedInterfaceOrientations_iPhone = "UIInterfaceOrientationPortrait UIInterfaceOrientationLandscapeLeft UIInterfaceOrientationLandscapeRight";
				LD_RUNPATH_SEARCH_PATHS = (
					"$(inherited)",
					"@executable_path/Frameworks",
				);
				MARKETING_VERSION = 1.0;
				PRODUCT_BUNDLE_IDENTIFIER = com.example.Scrumdinger;
				PRODUCT_NAME = "$(TARGET_NAME)";
				SWIFT_EMIT_LOC_STRINGS = YES;
				SWIFT_VERSION = 5.0;
				TARGETED_DEVICE_FAMILY = "1,2";
			};
			name = Release;
		};
/* End XCBuildConfiguration section */

/* Begin XCConfigurationList section */
		95CE5C3529B2B11B00A14A3A /* Build configuration list for PBXProject "Scrumdinger" */ = {
			isa = XCConfigurationList;
			buildConfigurations = (
				95CE5C4629B2B11D00A14A3A /* Debug */,
				95CE5C4729B2B11D00A14A3A /* Release */,
			);
			defaultConfigurationIsVisible = 0;
			defaultConfigurationName = Release;
		};
		95CE5C4829B2B11D00A14A3A /* Build configuration list for PBXNativeTarget "Scrumdinger" */ = {
			isa = XCConfigurationList;
			buildConfigurations = (
				95CE5C4929B2B11D00A14A3A /* Debug */,
				95CE5C4A29B2B11D00A14A3A /* Release */,
			);
			defaultConfigurationIsVisible = 0;
			defaultConfigurationName = Release;
		};
/* End XCConfigurationList section */
	};
	rootObject = 95CE5C3229B2B11B00A14A3A /* Project object */;
}
